// !$*UTF8*$!
{
	archiveVersion = 1;
	classes = {
	};
	objectVersion = 55;
	objects = {

/* Begin PBXBuildFile section */
		23DB3627ACC1F58BC6BB0D47 /* Pods_GameToDoList.framework in Frameworks */ = {isa = PBXBuildFile; fileRef = E24B363EAB49E59D6459ED4E /* Pods_GameToDoList.framework */; };
		A3EB99A82A422D1C00DE63AE /* AppDelegate.swift in Sources */ = {isa = PBXBuildFile; fileRef = A3EB99A72A422D1C00DE63AE /* AppDelegate.swift */; };
		A3EB99AF2A422D1C00DE63AE /* Main.storyboard in Resources */ = {isa = PBXBuildFile; fileRef = A3EB99AD2A422D1C00DE63AE /* Main.storyboard */; };
		A3EB99B42A422D1D00DE63AE /* Assets.xcassets in Resources */ = {isa = PBXBuildFile; fileRef = A3EB99B32A422D1D00DE63AE /* Assets.xcassets */; };
		A3EB99B72A422D1D00DE63AE /* LaunchScreen.storyboard in Resources */ = {isa = PBXBuildFile; fileRef = A3EB99B52A422D1D00DE63AE /* LaunchScreen.storyboard */; };
		A3EB99C32A4275D900DE63AE /* Game.swift in Sources */ = {isa = PBXBuildFile; fileRef = A3EB99C22A4275D900DE63AE /* Game.swift */; };
		A3EB99C52A4275EB00DE63AE /* Platform.swift in Sources */ = {isa = PBXBuildFile; fileRef = A3EB99C42A4275EB00DE63AE /* Platform.swift */; };
		A3EB99C72A42760A00DE63AE /* Info.swift in Sources */ = {isa = PBXBuildFile; fileRef = A3EB99C62A42760A00DE63AE /* Info.swift */; };
		A3EB99CB2A427BC000DE63AE /* PlatformViewController.swift in Sources */ = {isa = PBXBuildFile; fileRef = A3EB99CA2A427BC000DE63AE /* PlatformViewController.swift */; };
		A3EB99CE2A42834A00DE63AE /* Status.swift in Sources */ = {isa = PBXBuildFile; fileRef = A3EB99CD2A42834A00DE63AE /* Status.swift */; };
		A3EB99D02A42924200DE63AE /* SwipeTableViewController.swift in Sources */ = {isa = PBXBuildFile; fileRef = A3EB99CF2A42924200DE63AE /* SwipeTableViewController.swift */; };
		A3EB99D22A42BE3300DE63AE /* InfoModel.swift in Sources */ = {isa = PBXBuildFile; fileRef = A3EB99D12A42BE3300DE63AE /* InfoModel.swift */; };
		A3EB99D42A42D18300DE63AE /* GameTableViewController.swift in Sources */ = {isa = PBXBuildFile; fileRef = A3EB99D32A42D18300DE63AE /* GameTableViewController.swift */; };
/* End PBXBuildFile section */

/* Begin PBXFileReference section */
		37E1514DD7D4D93146449882 /* Pods-GameToDoList.release.xcconfig */ = {isa = PBXFileReference; includeInIndex = 1; lastKnownFileType = text.xcconfig; name = "Pods-GameToDoList.release.xcconfig"; path = "Target Support Files/Pods-GameToDoList/Pods-GameToDoList.release.xcconfig"; sourceTree = "<group>"; };
		A3EB99A42A422D1C00DE63AE /* GameToDoList.app */ = {isa = PBXFileReference; explicitFileType = wrapper.application; includeInIndex = 0; path = GameToDoList.app; sourceTree = BUILT_PRODUCTS_DIR; };
		A3EB99A72A422D1C00DE63AE /* AppDelegate.swift */ = {isa = PBXFileReference; lastKnownFileType = sourcecode.swift; path = AppDelegate.swift; sourceTree = "<group>"; };
		A3EB99AE2A422D1C00DE63AE /* Base */ = {isa = PBXFileReference; lastKnownFileType = file.storyboard; name = Base; path = Base.lproj/Main.storyboard; sourceTree = "<group>"; };
		A3EB99B32A422D1D00DE63AE /* Assets.xcassets */ = {isa = PBXFileReference; lastKnownFileType = folder.assetcatalog; path = Assets.xcassets; sourceTree = "<group>"; };
		A3EB99B62A422D1D00DE63AE /* Base */ = {isa = PBXFileReference; lastKnownFileType = file.storyboard; name = Base; path = Base.lproj/LaunchScreen.storyboard; sourceTree = "<group>"; };
		A3EB99B82A422D1D00DE63AE /* Info.plist */ = {isa = PBXFileReference; lastKnownFileType = text.plist.xml; path = Info.plist; sourceTree = "<group>"; };
		A3EB99C22A4275D900DE63AE /* Game.swift */ = {isa = PBXFileReference; lastKnownFileType = sourcecode.swift; path = Game.swift; sourceTree = "<group>"; };
		A3EB99C42A4275EB00DE63AE /* Platform.swift */ = {isa = PBXFileReference; lastKnownFileType = sourcecode.swift; path = Platform.swift; sourceTree = "<group>"; };
		A3EB99C62A42760A00DE63AE /* Info.swift */ = {isa = PBXFileReference; lastKnownFileType = sourcecode.swift; path = Info.swift; sourceTree = "<group>"; };
		A3EB99CA2A427BC000DE63AE /* PlatformViewController.swift */ = {isa = PBXFileReference; lastKnownFileType = sourcecode.swift; name = PlatformViewController.swift; path = GameToDoList/Controllers/PlatformViewController.swift; sourceTree = SOURCE_ROOT; };
		A3EB99CD2A42834A00DE63AE /* Status.swift */ = {isa = PBXFileReference; lastKnownFileType = sourcecode.swift; path = Status.swift; sourceTree = "<group>"; };
		A3EB99CF2A42924200DE63AE /* SwipeTableViewController.swift */ = {isa = PBXFileReference; lastKnownFileType = sourcecode.swift; path = SwipeTableViewController.swift; sourceTree = "<group>"; };
		A3EB99D12A42BE3300DE63AE /* InfoModel.swift */ = {isa = PBXFileReference; lastKnownFileType = sourcecode.swift; path = InfoModel.swift; sourceTree = "<group>"; };
		A3EB99D32A42D18300DE63AE /* GameTableViewController.swift */ = {isa = PBXFileReference; lastKnownFileType = sourcecode.swift; path = GameTableViewController.swift; sourceTree = "<group>"; };
		CBA6C0C76D8082AA01E0E404 /* Pods-GameToDoList.debug.xcconfig */ = {isa = PBXFileReference; includeInIndex = 1; lastKnownFileType = text.xcconfig; name = "Pods-GameToDoList.debug.xcconfig"; path = "Target Support Files/Pods-GameToDoList/Pods-GameToDoList.debug.xcconfig"; sourceTree = "<group>"; };
		E24B363EAB49E59D6459ED4E /* Pods_GameToDoList.framework */ = {isa = PBXFileReference; explicitFileType = wrapper.framework; includeInIndex = 0; path = Pods_GameToDoList.framework; sourceTree = BUILT_PRODUCTS_DIR; };
/* End PBXFileReference section */

/* Begin PBXFrameworksBuildPhase section */
		A3EB99A12A422D1C00DE63AE /* Frameworks */ = {
			isa = PBXFrameworksBuildPhase;
			buildActionMask = 2147483647;
			files = (
				23DB3627ACC1F58BC6BB0D47 /* Pods_GameToDoList.framework in Frameworks */,
			);
			runOnlyForDeploymentPostprocessing = 0;
		};
/* End PBXFrameworksBuildPhase section */

/* Begin PBXGroup section */
		A3EB999B2A422D1C00DE63AE = {
			isa = PBXGroup;
			children = (
				A3EB99A62A422D1C00DE63AE /* GameToDoList */,
				A3EB99A52A422D1C00DE63AE /* Products */,
				B7A97EF98285EAF3BD7BFC1F /* Pods */,
				BCF475708E0A32934F66FAAE /* Frameworks */,
			);
			sourceTree = "<group>";
		};
		A3EB99A52A422D1C00DE63AE /* Products */ = {
			isa = PBXGroup;
			children = (
				A3EB99A42A422D1C00DE63AE /* GameToDoList.app */,
			);
			name = Products;
			sourceTree = "<group>";
		};
		A3EB99A62A422D1C00DE63AE /* GameToDoList */ = {
			isa = PBXGroup;
			children = (
				A3EB99CC2A4282BC00DE63AE /* Models */,
				A3EB99C12A42759600DE63AE /* Controllers */,
				A3EB99C02A42758E00DE63AE /* Data Models */,
				A3EB99BF2A42757D00DE63AE /* Views */,
				A3EB99BE2A42757000DE63AE /* SupportingFiles */,
				A3EB99A72A422D1C00DE63AE /* AppDelegate.swift */,
				A3EB99B82A422D1D00DE63AE /* Info.plist */,
			);
			path = GameToDoList;
			sourceTree = "<group>";
		};
		A3EB99BE2A42757000DE63AE /* SupportingFiles */ = {
			isa = PBXGroup;
			children = (
				A3EB99B32A422D1D00DE63AE /* Assets.xcassets */,
				A3EB99B52A422D1D00DE63AE /* LaunchScreen.storyboard */,
			);
			path = SupportingFiles;
			sourceTree = "<group>";
		};
		A3EB99BF2A42757D00DE63AE /* Views */ = {
			isa = PBXGroup;
			children = (
				A3EB99AD2A422D1C00DE63AE /* Main.storyboard */,
			);
			path = Views;
			sourceTree = "<group>";
		};
		A3EB99C02A42758E00DE63AE /* Data Models */ = {
			isa = PBXGroup;
			children = (
				A3EB99C22A4275D900DE63AE /* Game.swift */,
				A3EB99C42A4275EB00DE63AE /* Platform.swift */,
				A3EB99C62A42760A00DE63AE /* Info.swift */,
			);
			path = "Data Models";
			sourceTree = "<group>";
		};
		A3EB99C12A42759600DE63AE /* Controllers */ = {
			isa = PBXGroup;
			children = (
				A3EB99CA2A427BC000DE63AE /* PlatformViewController.swift */,
				A3EB99CF2A42924200DE63AE /* SwipeTableViewController.swift */,
				A3EB99D32A42D18300DE63AE /* GameTableViewController.swift */,
			);
			path = Controllers;
			sourceTree = "<group>";
		};
		A3EB99CC2A4282BC00DE63AE /* Models */ = {
			isa = PBXGroup;
			children = (
				A3EB99CD2A42834A00DE63AE /* Status.swift */,
				A3EB99D12A42BE3300DE63AE /* InfoModel.swift */,
			);
			path = Models;
			sourceTree = "<group>";
		};
		B7A97EF98285EAF3BD7BFC1F /* Pods */ = {
			isa = PBXGroup;
			children = (
				CBA6C0C76D8082AA01E0E404 /* Pods-GameToDoList.debug.xcconfig */,
				37E1514DD7D4D93146449882 /* Pods-GameToDoList.release.xcconfig */,
			);
			path = Pods;
			sourceTree = "<group>";
		};
		BCF475708E0A32934F66FAAE /* Frameworks */ = {
			isa = PBXGroup;
			children = (
				E24B363EAB49E59D6459ED4E /* Pods_GameToDoList.framework */,
			);
			name = Frameworks;
			sourceTree = "<group>";
		};
/* End PBXGroup section */

/* Begin PBXNativeTarget section */
		A3EB99A32A422D1C00DE63AE /* GameToDoList */ = {
			isa = PBXNativeTarget;
			buildConfigurationList = A3EB99BB2A422D1D00DE63AE /* Build configuration list for PBXNativeTarget "GameToDoList" */;
			buildPhases = (
				31ECEEA6128A8D0719E642F4 /* [CP] Check Pods Manifest.lock */,
				A3EB99A02A422D1C00DE63AE /* Sources */,
				A3EB99A12A422D1C00DE63AE /* Frameworks */,
				A3EB99A22A422D1C00DE63AE /* Resources */,
				8531BB21B623DBC34C27C3AF /* [CP] Embed Pods Frameworks */,
			);
			buildRules = (
			);
			dependencies = (
			);
			name = GameToDoList;
			productName = GameToDoList;
			productReference = A3EB99A42A422D1C00DE63AE /* GameToDoList.app */;
			productType = "com.apple.product-type.application";
		};
/* End PBXNativeTarget section */

/* Begin PBXProject section */
		A3EB999C2A422D1C00DE63AE /* Project object */ = {
			isa = PBXProject;
			attributes = {
				BuildIndependentTargetsInParallel = 1;
				LastSwiftUpdateCheck = 1340;
				LastUpgradeCheck = 1340;
				TargetAttributes = {
					A3EB99A32A422D1C00DE63AE = {
						CreatedOnToolsVersion = 13.4.1;
					};
				};
			};
			buildConfigurationList = A3EB999F2A422D1C00DE63AE /* Build configuration list for PBXProject "GameToDoList" */;
			compatibilityVersion = "Xcode 13.0";
			developmentRegion = en;
			hasScannedForEncodings = 0;
			knownRegions = (
				en,
				Base,
			);
			mainGroup = A3EB999B2A422D1C00DE63AE;
			productRefGroup = A3EB99A52A422D1C00DE63AE /* Products */;
			projectDirPath = "";
			projectRoot = "";
			targets = (
				A3EB99A32A422D1C00DE63AE /* GameToDoList */,
			);
		};
/* End PBXProject section */

/* Begin PBXResourcesBuildPhase section */
		A3EB99A22A422D1C00DE63AE /* Resources */ = {
			isa = PBXResourcesBuildPhase;
			buildActionMask = 2147483647;
			files = (
				A3EB99B72A422D1D00DE63AE /* LaunchScreen.storyboard in Resources */,
				A3EB99B42A422D1D00DE63AE /* Assets.xcassets in Resources */,
				A3EB99AF2A422D1C00DE63AE /* Main.storyboard in Resources */,
			);
			runOnlyForDeploymentPostprocessing = 0;
		};
/* End PBXResourcesBuildPhase section */

/* Begin PBXShellScriptBuildPhase section */
		31ECEEA6128A8D0719E642F4 /* [CP] Check Pods Manifest.lock */ = {
			isa = PBXShellScriptBuildPhase;
			buildActionMask = 2147483647;
			files = (
			);
			inputFileListPaths = (
			);
			inputPaths = (
				"${PODS_PODFILE_DIR_PATH}/Podfile.lock",
				"${PODS_ROOT}/Manifest.lock",
			);
			name = "[CP] Check Pods Manifest.lock";
			outputFileListPaths = (
			);
			outputPaths = (
				"$(DERIVED_FILE_DIR)/Pods-GameToDoList-checkManifestLockResult.txt",
			);
			runOnlyForDeploymentPostprocessing = 0;
			shellPath = /bin/sh;
			shellScript = "diff \"${PODS_PODFILE_DIR_PATH}/Podfile.lock\" \"${PODS_ROOT}/Manifest.lock\" > /dev/null\nif [ $? != 0 ] ; then\n    # print error to STDERR\n    echo \"error: The sandbox is not in sync with the Podfile.lock. Run 'pod install' or update your CocoaPods installation.\" >&2\n    exit 1\nfi\n# This output is used by Xcode 'outputs' to avoid re-running this script phase.\necho \"SUCCESS\" > \"${SCRIPT_OUTPUT_FILE_0}\"\n";
			showEnvVarsInLog = 0;
		};
		8531BB21B623DBC34C27C3AF /* [CP] Embed Pods Frameworks */ = {
			isa = PBXShellScriptBuildPhase;
			buildActionMask = 2147483647;
			files = (
			);
			inputFileListPaths = (
				"${PODS_ROOT}/Target Support Files/Pods-GameToDoList/Pods-GameToDoList-frameworks-${CONFIGURATION}-input-files.xcfilelist",
			);
			name = "[CP] Embed Pods Frameworks";
			outputFileListPaths = (
				"${PODS_ROOT}/Target Support Files/Pods-GameToDoList/Pods-GameToDoList-frameworks-${CONFIGURATION}-output-files.xcfilelist",
			);
			runOnlyForDeploymentPostprocessing = 0;
			shellPath = /bin/sh;
			shellScript = "\"${PODS_ROOT}/Target Support Files/Pods-GameToDoList/Pods-GameToDoList-frameworks.sh\"\n";
			showEnvVarsInLog = 0;
		};
/* End PBXShellScriptBuildPhase section */

/* Begin PBXSourcesBuildPhase section */
		A3EB99A02A422D1C00DE63AE /* Sources */ = {
			isa = PBXSourcesBuildPhase;
			buildActionMask = 2147483647;
			files = (
				A3EB99D02A42924200DE63AE /* SwipeTableViewController.swift in Sources */,
				A3EB99C52A4275EB00DE63AE /* Platform.swift in Sources */,
				A3EB99CB2A427BC000DE63AE /* PlatformViewController.swift in Sources */,
				A3EB99D42A42D18300DE63AE /* GameTableViewController.swift in Sources */,
				A3EB99CE2A42834A00DE63AE /* Status.swift in Sources */,
				A3EB99C32A4275D900DE63AE /* Game.swift in Sources */,
				A3EB99A82A422D1C00DE63AE /* AppDelegate.swift in Sources */,
				A3EB99C72A42760A00DE63AE /* Info.swift in Sources */,
				A3EB99D22A42BE3300DE63AE /* InfoModel.swift in Sources */,
			);
			runOnlyForDeploymentPostprocessing = 0;
		};
/* End PBXSourcesBuildPhase section */

/* Begin PBXVariantGroup section */
		A3EB99AD2A422D1C00DE63AE /* Main.storyboard */ = {
			isa = PBXVariantGroup;
			children = (
				A3EB99AE2A422D1C00DE63AE /* Base */,
			);
			name = Main.storyboard;
			sourceTree = "<group>";
		};
		A3EB99B52A422D1D00DE63AE /* LaunchScreen.storyboard */ = {
			isa = PBXVariantGroup;
			children = (
				A3EB99B62A422D1D00DE63AE /* Base */,
			);
			name = LaunchScreen.storyboard;
			sourceTree = "<group>";
		};
/* End PBXVariantGroup section */

/* Begin XCBuildConfiguration section */
		A3EB99B92A422D1D00DE63AE /* Debug */ = {
			isa = XCBuildConfiguration;
			buildSettings = {
				ALWAYS_SEARCH_USER_PATHS = NO;
				CLANG_ANALYZER_NONNULL = YES;
				CLANG_ANALYZER_NUMBER_OBJECT_CONVERSION = YES_AGGRESSIVE;
				CLANG_CXX_LANGUAGE_STANDARD = "gnu++17";
				CLANG_ENABLE_MODULES = YES;
				CLANG_ENABLE_OBJC_ARC = YES;
				CLANG_ENABLE_OBJC_WEAK = YES;
				CLANG_WARN_BLOCK_CAPTURE_AUTORELEASING = YES;
				CLANG_WARN_BOOL_CONVERSION = YES;
				CLANG_WARN_COMMA = YES;
				CLANG_WARN_CONSTANT_CONVERSION = YES;
				CLANG_WARN_DEPRECATED_OBJC_IMPLEMENTATIONS = YES;
				CLANG_WARN_DIRECT_OBJC_ISA_USAGE = YES_ERROR;
				CLANG_WARN_DOCUMENTATION_COMMENTS = YES;
				CLANG_WARN_EMPTY_BODY = YES;
				CLANG_WARN_ENUM_CONVERSION = YES;
				CLANG_WARN_INFINITE_RECURSION = YES;
				CLANG_WARN_INT_CONVERSION = YES;
				CLANG_WARN_NON_LITERAL_NULL_CONVERSION = YES;
				CLANG_WARN_OBJC_IMPLICIT_RETAIN_SELF = YES;
				CLANG_WARN_OBJC_LITERAL_CONVERSION = YES;
				CLANG_WARN_OBJC_ROOT_CLASS = YES_ERROR;
				CLANG_WARN_QUOTED_INCLUDE_IN_FRAMEWORK_HEADER = YES;
				CLANG_WARN_RANGE_LOOP_ANALYSIS = YES;
				CLANG_WARN_STRICT_PROTOTYPES = YES;
				CLANG_WARN_SUSPICIOUS_MOVE = YES;
				CLANG_WARN_UNGUARDED_AVAILABILITY = YES_AGGRESSIVE;
				CLANG_WARN_UNREACHABLE_CODE = YES;
				CLANG_WARN__DUPLICATE_METHOD_MATCH = YES;
				COPY_PHASE_STRIP = NO;
				DEBUG_INFORMATION_FORMAT = dwarf;
				ENABLE_STRICT_OBJC_MSGSEND = YES;
				ENABLE_TESTABILITY = YES;
				GCC_C_LANGUAGE_STANDARD = gnu11;
				GCC_DYNAMIC_NO_PIC = NO;
				GCC_NO_COMMON_BLOCKS = YES;
				GCC_OPTIMIZATION_LEVEL = 0;
				GCC_PREPROCESSOR_DEFINITIONS = (
					"DEBUG=1",
					"$(inherited)",
				);
				GCC_WARN_64_TO_32_BIT_CONVERSION = YES;
				GCC_WARN_ABOUT_RETURN_TYPE = YES_ERROR;
				GCC_WARN_UNDECLARED_SELECTOR = YES;
				GCC_WARN_UNINITIALIZED_AUTOS = YES_AGGRESSIVE;
				GCC_WARN_UNUSED_FUNCTION = YES;
				GCC_WARN_UNUSED_VARIABLE = YES;
				IPHONEOS_DEPLOYMENT_TARGET = 15.5;
				MTL_ENABLE_DEBUG_INFO = INCLUDE_SOURCE;
				MTL_FAST_MATH = YES;
				ONLY_ACTIVE_ARCH = YES;
				SDKROOT = iphoneos;
				SWIFT_ACTIVE_COMPILATION_CONDITIONS = DEBUG;
				SWIFT_OPTIMIZATION_LEVEL = "-Onone";
			};
			name = Debug;
		};
		A3EB99BA2A422D1D00DE63AE /* Release */ = {
			isa = XCBuildConfiguration;
			buildSettings = {
				ALWAYS_SEARCH_USER_PATHS = NO;
				CLANG_ANALYZER_NONNULL = YES;
				CLANG_ANALYZER_NUMBER_OBJECT_CONVERSION = YES_AGGRESSIVE;
				CLANG_CXX_LANGUAGE_STANDARD = "gnu++17";
				CLANG_ENABLE_MODULES = YES;
				CLANG_ENABLE_OBJC_ARC = YES;
				CLANG_ENABLE_OBJC_WEAK = YES;
				CLANG_WARN_BLOCK_CAPTURE_AUTORELEASING = YES;
				CLANG_WARN_BOOL_CONVERSION = YES;
				CLANG_WARN_COMMA = YES;
				CLANG_WARN_CONSTANT_CONVERSION = YES;
				CLANG_WARN_DEPRECATED_OBJC_IMPLEMENTATIONS = YES;
				CLANG_WARN_DIRECT_OBJC_ISA_USAGE = YES_ERROR;
				CLANG_WARN_DOCUMENTATION_COMMENTS = YES;
				CLANG_WARN_EMPTY_BODY = YES;
				CLANG_WARN_ENUM_CONVERSION = YES;
				CLANG_WARN_INFINITE_RECURSION = YES;
				CLANG_WARN_INT_CONVERSION = YES;
				CLANG_WARN_NON_LITERAL_NULL_CONVERSION = YES;
				CLANG_WARN_OBJC_IMPLICIT_RETAIN_SELF = YES;
				CLANG_WARN_OBJC_LITERAL_CONVERSION = YES;
				CLANG_WARN_OBJC_ROOT_CLASS = YES_ERROR;
				CLANG_WARN_QUOTED_INCLUDE_IN_FRAMEWORK_HEADER = YES;
				CLANG_WARN_RANGE_LOOP_ANALYSIS = YES;
				CLANG_WARN_STRICT_PROTOTYPES = YES;
				CLANG_WARN_SUSPICIOUS_MOVE = YES;
				CLANG_WARN_UNGUARDED_AVAILABILITY = YES_AGGRESSIVE;
				CLANG_WARN_UNREACHABLE_CODE = YES;
				CLANG_WARN__DUPLICATE_METHOD_MATCH = YES;
				COPY_PHASE_STRIP = NO;
				DEBUG_INFORMATION_FORMAT = "dwarf-with-dsym";
				ENABLE_NS_ASSERTIONS = NO;
				ENABLE_STRICT_OBJC_MSGSEND = YES;
				GCC_C_LANGUAGE_STANDARD = gnu11;
				GCC_NO_COMMON_BLOCKS = YES;
				GCC_WARN_64_TO_32_BIT_CONVERSION = YES;
				GCC_WARN_ABOUT_RETURN_TYPE = YES_ERROR;
				GCC_WARN_UNDECLARED_SELECTOR = YES;
				GCC_WARN_UNINITIALIZED_AUTOS = YES_AGGRESSIVE;
				GCC_WARN_UNUSED_FUNCTION = YES;
				GCC_WARN_UNUSED_VARIABLE = YES;
				IPHONEOS_DEPLOYMENT_TARGET = 15.5;
				MTL_ENABLE_DEBUG_INFO = NO;
				MTL_FAST_MATH = YES;
				SDKROOT = iphoneos;
				SWIFT_COMPILATION_MODE = wholemodule;
				SWIFT_OPTIMIZATION_LEVEL = "-O";
				VALIDATE_PRODUCT = YES;
			};
			name = Release;
		};
		A3EB99BC2A422D1D00DE63AE /* Debug */ = {
			isa = XCBuildConfiguration;
			baseConfigurationReference = CBA6C0C76D8082AA01E0E404 /* Pods-GameToDoList.debug.xcconfig */;
			buildSettings = {
				ASSETCATALOG_COMPILER_APPICON_NAME = AppIcon;
				ASSETCATALOG_COMPILER_GLOBAL_ACCENT_COLOR_NAME = AccentColor;
				CODE_SIGN_STYLE = Automatic;
				CURRENT_PROJECT_VERSION = 1;
				DEVELOPMENT_TEAM = 7AQW8R6HKA;
				GENERATE_INFOPLIST_FILE = YES;
				INFOPLIST_FILE = GameToDoList/Info.plist;
				INFOPLIST_KEY_UIApplicationSupportsIndirectInputEvents = YES;
				INFOPLIST_KEY_UILaunchStoryboardName = LaunchScreen;
				INFOPLIST_KEY_UIMainStoryboardFile = Main;
				INFOPLIST_KEY_UISupportedInterfaceOrientations = UIInterfaceOrientationPortrait;
				INFOPLIST_KEY_UISupportedInterfaceOrientations_iPad = "UIInterfaceOrientationPortrait UIInterfaceOrientationPortraitUpsideDown UIInterfaceOrientationLandscapeLeft UIInterfaceOrientationLandscapeRight";
				INFOPLIST_KEY_UISupportedInterfaceOrientations_iPhone = "UIInterfaceOrientationPortrait UIInterfaceOrientationLandscapeLeft UIInterfaceOrientationLandscapeRight";
				LD_RUNPATH_SEARCH_PATHS = (
					"$(inherited)",
					"@executable_path/Frameworks",
				);
				MARKETING_VERSION = 1.0;
				PRODUCT_BUNDLE_IDENTIFIER = com.gailberthuang.GameToDoList;
				PRODUCT_NAME = "$(TARGET_NAME)";
				SWIFT_EMIT_LOC_STRINGS = YES;
				SWIFT_VERSION = 5.0;
				TARGETED_DEVICE_FAMILY = "1,2";
			};
			name = Debug;
		};
		A3EB99BD2A422D1D00DE63AE /* Release */ = {
			isa = XCBuildConfiguration;
			baseConfigurationReference = 37E1514DD7D4D93146449882 /* Pods-GameToDoList.release.xcconfig */;
			buildSettings = {
				ASSETCATALOG_COMPILER_APPICON_NAME = AppIcon;
				ASSETCATALOG_COMPILER_GLOBAL_ACCENT_COLOR_NAME = AccentColor;
				CODE_SIGN_STYLE = Automatic;
				CURRENT_PROJECT_VERSION = 1;
				DEVELOPMENT_TEAM = 7AQW8R6HKA;
				GENERATE_INFOPLIST_FILE = YES;
				INFOPLIST_FILE = GameToDoList/Info.plist;
				INFOPLIST_KEY_UIApplicationSupportsIndirectInputEvents = YES;
				INFOPLIST_KEY_UILaunchStoryboardName = LaunchScreen;
				INFOPLIST_KEY_UIMainStoryboardFile = Main;
				INFOPLIST_KEY_UISupportedInterfaceOrientations = UIInterfaceOrientationPortrait;
				INFOPLIST_KEY_UISupportedInterfaceOrientations_iPad = "UIInterfaceOrientationPortrait UIInterfaceOrientationPortraitUpsideDown UIInterfaceOrientationLandscapeLeft UIInterfaceOrientationLandscapeRight";
				INFOPLIST_KEY_UISupportedInterfaceOrientations_iPhone = "UIInterfaceOrientationPortrait UIInterfaceOrientationLandscapeLeft UIInterfaceOrientationLandscapeRight";
				LD_RUNPATH_SEARCH_PATHS = (
					"$(inherited)",
					"@executable_path/Frameworks",
				);
				MARKETING_VERSION = 1.0;
				PRODUCT_BUNDLE_IDENTIFIER = com.gailberthuang.GameToDoList;
				PRODUCT_NAME = "$(TARGET_NAME)";
				SWIFT_EMIT_LOC_STRINGS = YES;
				SWIFT_VERSION = 5.0;
				TARGETED_DEVICE_FAMILY = "1,2";
			};
			name = Release;
		};
/* End XCBuildConfiguration section */

/* Begin XCConfigurationList section */
		A3EB999F2A422D1C00DE63AE /* Build configuration list for PBXProject "GameToDoList" */ = {
			isa = XCConfigurationList;
			buildConfigurations = (
				A3EB99B92A422D1D00DE63AE /* Debug */,
				A3EB99BA2A422D1D00DE63AE /* Release */,
			);
			defaultConfigurationIsVisible = 0;
			defaultConfigurationName = Release;
		};
		A3EB99BB2A422D1D00DE63AE /* Build configuration list for PBXNativeTarget "GameToDoList" */ = {
			isa = XCConfigurationList;
			buildConfigurations = (
				A3EB99BC2A422D1D00DE63AE /* Debug */,
				A3EB99BD2A422D1D00DE63AE /* Release */,
			);
			defaultConfigurationIsVisible = 0;
			defaultConfigurationName = Release;
		};
/* End XCConfigurationList section */
	};
	rootObject = A3EB999C2A422D1C00DE63AE /* Project object */;
}
